
Microsoft Visual Studio Solution File, Format Version 12.00
# Visual Studio Version 17
VisualStudioVersion = 17.12.35527.113
MinimumVisualStudioVersion = 10.0.40219.1
Project("{FAE04EC0-301F-11D3-BF4B-00C04F79EFBC}") = "SQLFileGenerator", "SQLFileGenerator.csproj", "{599815FA-B7E5-491F-A1B6-4D261700607E}"
EndProject
Project("{FAE04EC0-301F-11D3-BF4B-00C04F79EFBC}") = "SqlGenerator.Tests", "SqlGenerator.Tests\SqlGenerator.Tests.csproj", "{39CBBE68-4F9B-4502-A045-2BC919341E80}"
EndProject
Global
	GlobalSection(SolutionConfigurationPlatforms) = preSolution
		Debug|Any CPU = Debug|Any CPU
		Debug|x64 = Debug|x64
		Debug|x86 = Debug|x86
		Release|Any CPU = Release|Any CPU
		Release|x64 = Release|x64
		Release|x86 = Release|x86
	EndGlobalSection
	GlobalSection(ProjectConfigurationPlatforms) = postSolution
		{599815FA-B7E5-491F-A1B6-4D261700607E}.Debug|Any CPU.ActiveCfg = Debug|Any CPU
		{599815FA-B7E5-491F-A1B6-4D261700607E}.Debug|Any CPU.Build.0 = Debug|Any CPU
		{599815FA-B7E5-491F-A1B6-4D261700607E}.Debug|x64.ActiveCfg = Debug|Any CPU
		{599815FA-B7E5-491F-A1B6-4D261700607E}.Debug|x64.Build.0 = Debug|Any CPU
		{599815FA-B7E5-491F-A1B6-4D261700607E}.Debug|x86.ActiveCfg = Debug|Any CPU
		{599815FA-B7E5-491F-A1B6-4D261700607E}.Debug|x86.Build.0 = Debug|Any CPU
		{599815FA-B7E5-491F-A1B6-4D261700607E}.Release|Any CPU.ActiveCfg = Release|Any CPU
		{599815FA-B7E5-491F-A1B6-4D261700607E}.Release|Any CPU.Build.0 = Release|Any CPU
		{599815FA-B7E5-491F-A1B6-4D261700607E}.Release|x64.ActiveCfg = Release|Any CPU
		{599815FA-B7E5-491F-A1B6-4D261700607E}.Release|x64.Build.0 = Release|Any CPU
		{599815FA-B7E5-491F-A1B6-4D261700607E}.Release|x86.ActiveCfg = Release|Any CPU
		{599815FA-B7E5-491F-A1B6-4D261700607E}.Release|x86.Build.0 = Release|Any CPU
		{39CBBE68-4F9B-4502-A045-2BC919341E80}.Debug|Any CPU.ActiveCfg = Debug|Any CPU
		{39CBBE68-4F9B-4502-A045-2BC919341E80}.Debug|Any CPU.Build.0 = Debug|Any CPU
		{39CBBE68-4F9B-4502-A045-2BC919341E80}.Debug|x64.ActiveCfg = Debug|Any CPU
		{39CBBE68-4F9B-4502-A045-2BC919341E80}.Debug|x64.Build.0 = Debug|Any CPU
		{39CBBE68-4F9B-4502-A045-2BC919341E80}.Debug|x86.ActiveCfg = Debug|Any CPU
		{39CBBE68-4F9B-4502-A045-2BC919341E80}.Debug|x86.Build.0 = Debug|Any CPU
		{39CBBE68-4F9B-4502-A045-2BC919341E80}.Release|Any CPU.ActiveCfg = Release|Any CPU
		{39CBBE68-4F9B-4502-A045-2BC919341E80}.Release|Any CPU.Build.0 = Release|Any CPU
		{39CBBE68-4F9B-4502-A045-2BC919341E80}.Release|x64.ActiveCfg = Release|Any CPU
		{39CBBE68-4F9B-4502-A045-2BC919341E80}.Release|x64.Build.0 = Release|Any CPU
		{39CBBE68-4F9B-4502-A045-2BC919341E80}.Release|x86.ActiveCfg = Release|Any CPU
		{39CBBE68-4F9B-4502-A045-2BC919341E80}.Release|x86.Build.0 = Release|Any CPU
	EndGlobalSection
	GlobalSection(SolutionProperties) = preSolution
		HideSolutionNode = FALSE
	EndGlobalSection
EndGlobal
